
Microsoft Visual Studio Solution File, Format Version 12.00
# Visual Studio Version 17
VisualStudioVersion = 17.0.31903.59
MinimumVisualStudioVersion = 10.0.40219.1
Project("{2150E333-8FDC-42A3-9474-1A3956D46DE8}") = "src", "src", "{827E0CD3-B72D-47B6-A68D-7590B98EB39B}"
EndProject
Project("{FAE04EC0-301F-11D3-BF4B-00C04F79EFBC}") = "Asseta.Domain", "src\Asseta.Domain\Asseta.Domain.csproj", "{2EE2E9A5-CF17-4AC3-A874-DA1F73181C02}"
EndProject
Project("{FAE04EC0-301F-11D3-BF4B-00C04F79EFBC}") = "Asseta.Application", "src\Asseta.Application\Asseta.Application.csproj", "{82D27A43-9E22-4CA1-8B4C-E91CC6D438B4}"
EndProject
Project("{FAE04EC0-301F-11D3-BF4B-00C04F79EFBC}") = "Asseta.Infrastructure", "src\Asseta.Infrastructure\Asseta.Infrastructure.csproj", "{8D449C2E-EE9F-4AF6-AEF6-3E762236861E}"
EndProject
Project("{FAE04EC0-301F-11D3-BF4B-00C04F79EFBC}") = "Asseta.Api", "src\Asseta.Api\Asseta.Api.csproj", "{8A653193-4B46-4621-9398-5B08706E6A0D}"
EndProject
Project("{2150E333-8FDC-42A3-9474-1A3956D46DE8}") = "tests", "tests", "{0AB3BF05-4346-4AA6-1389-037BE0695223}"
EndProject
Project("{FAE04EC0-301F-11D3-BF4B-00C04F79EFBC}") = "Asseta.UnitTests", "tests\Asseta.UnitTests\Asseta.UnitTests.csproj", "{8AB57F2E-5AD9-49A3-A0CC-F47CB9282414}"
EndProject
Project("{FAE04EC0-301F-11D3-BF4B-00C04F79EFBC}") = "Asseta.IntegrationTests", "tests\Asseta.IntegrationTests\Asseta.IntegrationTests.csproj", "{3C8DDCBC-962C-44B6-82CD-FC6C3D9706C3}"
EndProject
Global
	GlobalSection(SolutionConfigurationPlatforms) = preSolution
		Debug|Any CPU = Debug|Any CPU
		Debug|x64 = Debug|x64
		Debug|x86 = Debug|x86
		Release|Any CPU = Release|Any CPU
		Release|x64 = Release|x64
		Release|x86 = Release|x86
	EndGlobalSection
	GlobalSection(ProjectConfigurationPlatforms) = postSolution
		{2EE2E9A5-CF17-4AC3-A874-DA1F73181C02}.Debug|Any CPU.ActiveCfg = Debug|Any CPU
		{2EE2E9A5-CF17-4AC3-A874-DA1F73181C02}.Debug|Any CPU.Build.0 = Debug|Any CPU
		{2EE2E9A5-CF17-4AC3-A874-DA1F73181C02}.Debug|x64.ActiveCfg = Debug|Any CPU
		{2EE2E9A5-CF17-4AC3-A874-DA1F73181C02}.Debug|x64.Build.0 = Debug|Any CPU
		{2EE2E9A5-CF17-4AC3-A874-DA1F73181C02}.Debug|x86.ActiveCfg = Debug|Any CPU
		{2EE2E9A5-CF17-4AC3-A874-DA1F73181C02}.Debug|x86.Build.0 = Debug|Any CPU
		{2EE2E9A5-CF17-4AC3-A874-DA1F73181C02}.Release|Any CPU.ActiveCfg = Release|Any CPU
		{2EE2E9A5-CF17-4AC3-A874-DA1F73181C02}.Release|Any CPU.Build.0 = Release|Any CPU
		{2EE2E9A5-CF17-4AC3-A874-DA1F73181C02}.Release|x64.ActiveCfg = Release|Any CPU
		{2EE2E9A5-CF17-4AC3-A874-DA1F73181C02}.Release|x64.Build.0 = Release|Any CPU
		{2EE2E9A5-CF17-4AC3-A874-DA1F73181C02}.Release|x86.ActiveCfg = Release|Any CPU
		{2EE2E9A5-CF17-4AC3-A874-DA1F73181C02}.Release|x86.Build.0 = Release|Any CPU
		{82D27A43-9E22-4CA1-8B4C-E91CC6D438B4}.Debug|Any CPU.ActiveCfg = Debug|Any CPU
		{82D27A43-9E22-4CA1-8B4C-E91CC6D438B4}.Debug|Any CPU.Build.0 = Debug|Any CPU
		{82D27A43-9E22-4CA1-8B4C-E91CC6D438B4}.Debug|x64.ActiveCfg = Debug|Any CPU
		{82D27A43-9E22-4CA1-8B4C-E91CC6D438B4}.Debug|x64.Build.0 = Debug|Any CPU
		{82D27A43-9E22-4CA1-8B4C-E91CC6D438B4}.Debug|x86.ActiveCfg = Debug|Any CPU
		{82D27A43-9E22-4CA1-8B4C-E91CC6D438B4}.Debug|x86.Build.0 = Debug|Any CPU
		{82D27A43-9E22-4CA1-8B4C-E91CC6D438B4}.Release|Any CPU.ActiveCfg = Release|Any CPU
		{82D27A43-9E22-4CA1-8B4C-E91CC6D438B4}.Release|Any CPU.Build.0 = Release|Any CPU
		{82D27A43-9E22-4CA1-8B4C-E91CC6D438B4}.Release|x64.ActiveCfg = Release|Any CPU
		{82D27A43-9E22-4CA1-8B4C-E91CC6D438B4}.Release|x64.Build.0 = Release|Any CPU
		{82D27A43-9E22-4CA1-8B4C-E91CC6D438B4}.Release|x86.ActiveCfg = Release|Any CPU
		{82D27A43-9E22-4CA1-8B4C-E91CC6D438B4}.Release|x86.Build.0 = Release|Any CPU
		{8D449C2E-EE9F-4AF6-AEF6-3E762236861E}.Debug|Any CPU.ActiveCfg = Debug|Any CPU
		{8D449C2E-EE9F-4AF6-AEF6-3E762236861E}.Debug|Any CPU.Build.0 = Debug|Any CPU
		{8D449C2E-EE9F-4AF6-AEF6-3E762236861E}.Debug|x64.ActiveCfg = Debug|Any CPU
		{8D449C2E-EE9F-4AF6-AEF6-3E762236861E}.Debug|x64.Build.0 = Debug|Any CPU
		{8D449C2E-EE9F-4AF6-AEF6-3E762236861E}.Debug|x86.ActiveCfg = Debug|Any CPU
		{8D449C2E-EE9F-4AF6-AEF6-3E762236861E}.Debug|x86.Build.0 = Debug|Any CPU
		{8D449C2E-EE9F-4AF6-AEF6-3E762236861E}.Release|Any CPU.ActiveCfg = Release|Any CPU
		{8D449C2E-EE9F-4AF6-AEF6-3E762236861E}.Release|Any CPU.Build.0 = Release|Any CPU
		{8D449C2E-EE9F-4AF6-AEF6-3E762236861E}.Release|x64.ActiveCfg = Release|Any CPU
		{8D449C2E-EE9F-4AF6-AEF6-3E762236861E}.Release|x64.Build.0 = Release|Any CPU
		{8D449C2E-EE9F-4AF6-AEF6-3E762236861E}.Release|x86.ActiveCfg = Release|Any CPU
		{8D449C2E-EE9F-4AF6-AEF6-3E762236861E}.Release|x86.Build.0 = Release|Any CPU
		{8A653193-4B46-4621-9398-5B08706E6A0D}.Debug|Any CPU.ActiveCfg = Debug|Any CPU
		{8A653193-4B46-4621-9398-5B08706E6A0D}.Debug|Any CPU.Build.0 = Debug|Any CPU
		{8A653193-4B46-4621-9398-5B08706E6A0D}.Debug|x64.ActiveCfg = Debug|Any CPU
		{8A653193-4B46-4621-9398-5B08706E6A0D}.Debug|x64.Build.0 = Debug|Any CPU
		{8A653193-4B46-4621-9398-5B08706E6A0D}.Debug|x86.ActiveCfg = Debug|Any CPU
		{8A653193-4B46-4621-9398-5B08706E6A0D}.Debug|x86.Build.0 = Debug|Any CPU
		{8A653193-4B46-4621-9398-5B08706E6A0D}.Release|Any CPU.ActiveCfg = Release|Any CPU
		{8A653193-4B46-4621-9398-5B08706E6A0D}.Release|Any CPU.Build.0 = Release|Any CPU
		{8A653193-4B46-4621-9398-5B08706E6A0D}.Release|x64.ActiveCfg = Release|Any CPU
		{8A653193-4B46-4621-9398-5B08706E6A0D}.Release|x64.Build.0 = Release|Any CPU
		{8A653193-4B46-4621-9398-5B08706E6A0D}.Release|x86.ActiveCfg = Release|Any CPU
		{8A653193-4B46-4621-9398-5B08706E6A0D}.Release|x86.Build.0 = Release|Any CPU
		{8AB57F2E-5AD9-49A3-A0CC-F47CB9282414}.Debug|Any CPU.ActiveCfg = Debug|Any CPU
		{8AB57F2E-5AD9-49A3-A0CC-F47CB9282414}.Debug|Any CPU.Build.0 = Debug|Any CPU
		{8AB57F2E-5AD9-49A3-A0CC-F47CB9282414}.Debug|x64.ActiveCfg = Debug|Any CPU
		{8AB57F2E-5AD9-49A3-A0CC-F47CB9282414}.Debug|x64.Build.0 = Debug|Any CPU
		{8AB57F2E-5AD9-49A3-A0CC-F47CB9282414}.Debug|x86.ActiveCfg = Debug|Any CPU
		{8AB57F2E-5AD9-49A3-A0CC-F47CB9282414}.Debug|x86.Build.0 = Debug|Any CPU
		{8AB57F2E-5AD9-49A3-A0CC-F47CB9282414}.Release|Any CPU.ActiveCfg = Release|Any CPU
		{8AB57F2E-5AD9-49A3-A0CC-F47CB9282414}.Release|Any CPU.Build.0 = Release|Any CPU
		{8AB57F2E-5AD9-49A3-A0CC-F47CB9282414}.Release|x64.ActiveCfg = Release|Any CPU
		{8AB57F2E-5AD9-49A3-A0CC-F47CB9282414}.Release|x64.Build.0 = Release|Any CPU
		{8AB57F2E-5AD9-49A3-A0CC-F47CB9282414}.Release|x86.ActiveCfg = Release|Any CPU
		{8AB57F2E-5AD9-49A3-A0CC-F47CB9282414}.Release|x86.Build.0 = Release|Any CPU
		{3C8DDCBC-962C-44B6-82CD-FC6C3D9706C3}.Debug|Any CPU.ActiveCfg = Debug|Any CPU
		{3C8DDCBC-962C-44B6-82CD-FC6C3D9706C3}.Debug|Any CPU.Build.0 = Debug|Any CPU
		{3C8DDCBC-962C-44B6-82CD-FC6C3D9706C3}.Debug|x64.ActiveCfg = Debug|Any CPU
		{3C8DDCBC-962C-44B6-82CD-FC6C3D9706C3}.Debug|x64.Build.0 = Debug|Any CPU
		{3C8DDCBC-962C-44B6-82CD-FC6C3D9706C3}.Debug|x86.ActiveCfg = Debug|Any CPU
		{3C8DDCBC-962C-44B6-82CD-FC6C3D9706C3}.Debug|x86.Build.0 = Debug|Any CPU
		{3C8DDCBC-962C-44B6-82CD-FC6C3D9706C3}.Release|Any CPU.ActiveCfg = Release|Any CPU
		{3C8DDCBC-962C-44B6-82CD-FC6C3D9706C3}.Release|Any CPU.Build.0 = Release|Any CPU
		{3C8DDCBC-962C-44B6-82CD-FC6C3D9706C3}.Release|x64.ActiveCfg = Release|Any CPU
		{3C8DDCBC-962C-44B6-82CD-FC6C3D9706C3}.Release|x64.Build.0 = Release|Any CPU
		{3C8DDCBC-962C-44B6-82CD-FC6C3D9706C3}.Release|x86.ActiveCfg = Release|Any CPU
		{3C8DDCBC-962C-44B6-82CD-FC6C3D9706C3}.Release|x86.Build.0 = Release|Any CPU
	EndGlobalSection
	GlobalSection(SolutionProperties) = preSolution
		HideSolutionNode = FALSE
	EndGlobalSection
	GlobalSection(NestedProjects) = preSolution
		{2EE2E9A5-CF17-4AC3-A874-DA1F73181C02} = {827E0CD3-B72D-47B6-A68D-7590B98EB39B}
		{82D27A43-9E22-4CA1-8B4C-E91CC6D438B4} = {827E0CD3-B72D-47B6-A68D-7590B98EB39B}
		{8D449C2E-EE9F-4AF6-AEF6-3E762236861E} = {827E0CD3-B72D-47B6-A68D-7590B98EB39B}
		{8A653193-4B46-4621-9398-5B08706E6A0D} = {827E0CD3-B72D-47B6-A68D-7590B98EB39B}
		{8AB57F2E-5AD9-49A3-A0CC-F47CB9282414} = {0AB3BF05-4346-4AA6-1389-037BE0695223}
		{3C8DDCBC-962C-44B6-82CD-FC6C3D9706C3} = {0AB3BF05-4346-4AA6-1389-037BE0695223}
	EndGlobalSection
EndGlobal
